
Microsoft Visual Studio Solution File, Format Version 12.00
# Visual Studio Version 16
VisualStudioVersion = 16.0.33529.622
MinimumVisualStudioVersion = 10.0.40219.1
Project("{FAE04EC0-301F-11D3-BF4B-00C04F79EFBC}") = "Exam-Alekseev", "Exam-Alekseev\Exam-Alekseev.csproj", "{2048126D-568E-4DE6-A4F5-F3F8F6E540A1}"
EndProject
Global
	GlobalSection(SolutionConfigurationPlatforms) = preSolution
		Debug|Any CPU = Debug|Any CPU
		Release|Any CPU = Release|Any CPU
	EndGlobalSection
	GlobalSection(ProjectConfigurationPlatforms) = postSolution
		{2048126D-568E-4DE6-A4F5-F3F8F6E540A1}.Debug|Any CPU.ActiveCfg = Debug|Any CPU
		{2048126D-568E-4DE6-A4F5-F3F8F6E540A1}.Debug|Any CPU.Build.0 = Debug|Any CPU
		{2048126D-568E-4DE6-A4F5-F3F8F6E540A1}.Release|Any CPU.ActiveCfg = Release|Any CPU
		{2048126D-568E-4DE6-A4F5-F3F8F6E540A1}.Release|Any CPU.Build.0 = Release|Any CPU
	EndGlobalSection
	GlobalSection(SolutionProperties) = preSolution
		HideSolutionNode = FALSE
	EndGlobalSection
	GlobalSection(ExtensibilityGlobals) = postSolution
		SolutionGuid = {E2CCA9E1-A874-4FAB-ABE2-878BFF263050}
	EndGlobalSection
EndGlobal
